{
  "version": 4,
  "terraform_version": "1.5.0",
  "serial": 10,
  "lineage": "cf18ddc7-529a-eaa8-093a-a0005fc62639",
  "outputs": {},
  "resources": [
    {
      "mode": "managed",
      "type": "vcd_network_isolated",
      "name": "net",
      "provider": "provider[\"registry.terraform.io/vmware/vcd\"]",
      "instances": [
        {
          "schema_version": 0,
          "attributes": {
            "description": "",
            "dhcp_pool": [],
            "dns1": "1.1.1.1",
            "dns2": "",
            "dns_suffix": "",
            "gateway": "192.168.0.1",
            "href": "https://54e.accessin.cloud/api/network/87b14a28-3d45-4925-a5a0-acd7346d2af5",
            "id": "urn:vcloud:network:87b14a28-3d45-4925-a5a0-acd7346d2af5",
            "metadata": {},
            "metadata_entry": [],
            "name": "prod_net",
            "netmask": "255.255.255.0",
            "org": "Cortel_Viber_test",
            "shared": false,
            "static_ip_pool": [
              {
                "end_address": "192.168.0.62",
                "start_address": "192.168.0.2"
              }
            ],
            "vdc": "Cortel_Viber_test"
          },
          "sensitive_attributes": [],
          "private": "bnVsbA=="
        }
      ]
    }
  ],
  "check_results": null
}
